
Microsoft Visual Studio Solution File, Format Version 12.00
# Visual Studio 14
VisualStudioVersion = 14.0.23107.0
MinimumVisualStudioVersion = 10.0.40219.1
Project("{8BC9CEB8-8B4A-11D0-8D11-00A0C91BC942}") = "DllHook", "Lab2Hook\Lab2Hook.vcxproj", "{A64A7F75-A371-4A95-85D1-FBA8318452F8}"
EndProject
Project("{8BC9CEB8-8B4A-11D0-8D11-00A0C91BC942}") = "Lab2Inject", "Lab2Inject\Lab2Inject.vcxproj", "{6791D236-E543-486C-9A0C-97EB1BFFBAD4}"
EndProject
Project("{8BC9CEB8-8B4A-11D0-8D11-00A0C91BC942}") = "detours", "detours\detours.vcxproj", "{FE252580-2D5A-4E7D-9829-8B763F969568}"
EndProject
Project("{8BC9CEB8-8B4A-11D0-8D11-00A0C91BC942}") = "addLibs", "PipeLib\PipeLib.vcxproj", "{981D976F-D426-44D2-A91F-B2AD9C99698E}"
EndProject
Global
	GlobalSection(SolutionConfigurationPlatforms) = preSolution
		Debug|x64 = Debug|x64
		Debug|x86 = Debug|x86
		Release|x64 = Release|x64
		Release|x86 = Release|x86
	EndGlobalSection
	GlobalSection(ProjectConfigurationPlatforms) = postSolution
		{A64A7F75-A371-4A95-85D1-FBA8318452F8}.Debug|x64.ActiveCfg = Debug|x64
		{A64A7F75-A371-4A95-85D1-FBA8318452F8}.Debug|x64.Build.0 = Debug|x64
		{A64A7F75-A371-4A95-85D1-FBA8318452F8}.Debug|x86.ActiveCfg = Debug|Win32
		{A64A7F75-A371-4A95-85D1-FBA8318452F8}.Debug|x86.Build.0 = Debug|Win32
		{A64A7F75-A371-4A95-85D1-FBA8318452F8}.Release|x64.ActiveCfg = Release|x64
		{A64A7F75-A371-4A95-85D1-FBA8318452F8}.Release|x64.Build.0 = Release|x64
		{A64A7F75-A371-4A95-85D1-FBA8318452F8}.Release|x86.ActiveCfg = Release|Win32
		{A64A7F75-A371-4A95-85D1-FBA8318452F8}.Release|x86.Build.0 = Release|Win32
		{6791D236-E543-486C-9A0C-97EB1BFFBAD4}.Debug|x64.ActiveCfg = Debug|x64
		{6791D236-E543-486C-9A0C-97EB1BFFBAD4}.Debug|x64.Build.0 = Debug|x64
		{6791D236-E543-486C-9A0C-97EB1BFFBAD4}.Debug|x86.ActiveCfg = Debug|Win32
		{6791D236-E543-486C-9A0C-97EB1BFFBAD4}.Debug|x86.Build.0 = Debug|Win32
		{6791D236-E543-486C-9A0C-97EB1BFFBAD4}.Release|x64.ActiveCfg = Release|x64
		{6791D236-E543-486C-9A0C-97EB1BFFBAD4}.Release|x64.Build.0 = Release|x64
		{6791D236-E543-486C-9A0C-97EB1BFFBAD4}.Release|x86.ActiveCfg = Release|Win32
		{6791D236-E543-486C-9A0C-97EB1BFFBAD4}.Release|x86.Build.0 = Release|Win32
		{FE252580-2D5A-4E7D-9829-8B763F969568}.Debug|x64.ActiveCfg = Debug|x64
		{FE252580-2D5A-4E7D-9829-8B763F969568}.Debug|x64.Build.0 = Debug|x64
		{FE252580-2D5A-4E7D-9829-8B763F969568}.Debug|x86.ActiveCfg = Debug|Win32
		{FE252580-2D5A-4E7D-9829-8B763F969568}.Debug|x86.Build.0 = Debug|Win32
		{FE252580-2D5A-4E7D-9829-8B763F969568}.Release|x64.ActiveCfg = Release|x64
		{FE252580-2D5A-4E7D-9829-8B763F969568}.Release|x64.Build.0 = Release|x64
		{FE252580-2D5A-4E7D-9829-8B763F969568}.Release|x86.ActiveCfg = Release|Win32
		{FE252580-2D5A-4E7D-9829-8B763F969568}.Release|x86.Build.0 = Release|Win32
		{981D976F-D426-44D2-A91F-B2AD9C99698E}.Debug|x64.ActiveCfg = Debug|x64
		{981D976F-D426-44D2-A91F-B2AD9C99698E}.Debug|x64.Build.0 = Debug|x64
		{981D976F-D426-44D2-A91F-B2AD9C99698E}.Debug|x86.ActiveCfg = Debug|Win32
		{981D976F-D426-44D2-A91F-B2AD9C99698E}.Debug|x86.Build.0 = Debug|Win32
		{981D976F-D426-44D2-A91F-B2AD9C99698E}.Release|x64.ActiveCfg = Release|x64
		{981D976F-D426-44D2-A91F-B2AD9C99698E}.Release|x64.Build.0 = Release|x64
		{981D976F-D426-44D2-A91F-B2AD9C99698E}.Release|x86.ActiveCfg = Release|Win32
		{981D976F-D426-44D2-A91F-B2AD9C99698E}.Release|x86.Build.0 = Release|Win32
	EndGlobalSection
	GlobalSection(SolutionProperties) = preSolution
		HideSolutionNode = FALSE
	EndGlobalSection
	GlobalSection(ExtensibilityGlobals) = postSolution
		SolutionGuid = {29C0CCE0-3535-4C1A-A7BF-B39AAF1F449A}
	EndGlobalSection
EndGlobal
